
Microsoft Visual Studio Solution File, Format Version 12.00
# Visual Studio Version 16
VisualStudioVersion = 16.0.30104.148
MinimumVisualStudioVersion = 10.0.40219.1
Project("{F184B08F-C81C-45F6-A57F-5ABD9991F28F}") = "manager-mysql", "manager-mysql\manager-mysql.vbproj", "{A2EBFDEE-31B0-4128-A591-B346004C1E80}"
EndProject
Project("{F184B08F-C81C-45F6-A57F-5ABD9991F28F}") = "confsaver-xml", "..\confsaver-xml\confsaver-xml\confsaver-xml.vbproj", "{0F96D710-D954-44D9-BDBD-82E6CEF7D1CA}"
EndProject
Global
	GlobalSection(SolutionConfigurationPlatforms) = preSolution
		Debug|Any CPU = Debug|Any CPU
		Release|Any CPU = Release|Any CPU
	EndGlobalSection
	GlobalSection(ProjectConfigurationPlatforms) = postSolution
		{A2EBFDEE-31B0-4128-A591-B346004C1E80}.Debug|Any CPU.ActiveCfg = Debug|Any CPU
		{A2EBFDEE-31B0-4128-A591-B346004C1E80}.Debug|Any CPU.Build.0 = Debug|Any CPU
		{A2EBFDEE-31B0-4128-A591-B346004C1E80}.Release|Any CPU.ActiveCfg = Release|Any CPU
		{A2EBFDEE-31B0-4128-A591-B346004C1E80}.Release|Any CPU.Build.0 = Release|Any CPU
		{0F96D710-D954-44D9-BDBD-82E6CEF7D1CA}.Debug|Any CPU.ActiveCfg = Debug|Any CPU
		{0F96D710-D954-44D9-BDBD-82E6CEF7D1CA}.Debug|Any CPU.Build.0 = Debug|Any CPU
		{0F96D710-D954-44D9-BDBD-82E6CEF7D1CA}.Release|Any CPU.ActiveCfg = Release|Any CPU
		{0F96D710-D954-44D9-BDBD-82E6CEF7D1CA}.Release|Any CPU.Build.0 = Release|Any CPU
	EndGlobalSection
	GlobalSection(SolutionProperties) = preSolution
		HideSolutionNode = FALSE
	EndGlobalSection
	GlobalSection(ExtensibilityGlobals) = postSolution
		SolutionGuid = {188EAEF0-DDEE-445B-8310-39B90679241C}
	EndGlobalSection
EndGlobal
